
Microsoft Visual Studio Solution File, Format Version 12.00
# Visual Studio 14
VisualStudioVersion = 14.0.24720.0
MinimumVisualStudioVersion = 10.0.40219.1
Project("{8BC9CEB8-8B4A-11D0-8D11-00A0C91BC942}") = "WiiRemoteYourself!", "WiiRemoteYourself!\WiiRemoteYourself!.vcxproj", "{48FBE444-98D4-4B23-B1D0-34B29B013A36}"
EndProject
Project("{8BC9CEB8-8B4A-11D0-8D11-00A0C91BC942}") = "DemoApplication", "DemoApplication\DemoApplication.vcxproj", "{0EEB89D3-A4BA-40C7-A6C0-1E38116F3DA1}"
	ProjectSection(ProjectDependencies) = postProject
		{48FBE444-98D4-4B23-B1D0-34B29B013A36} = {48FBE444-98D4-4B23-B1D0-34B29B013A36}
	EndProjectSection
EndProject
Global
	GlobalSection(SolutionConfigurationPlatforms) = preSolution
		Debug|x64 = Debug|x64
		Debug|x86 = Debug|x86
		Release|x64 = Release|x64
		Release|x86 = Release|x86
	EndGlobalSection
	GlobalSection(ProjectConfigurationPlatforms) = postSolution
		{48FBE444-98D4-4B23-B1D0-34B29B013A36}.Debug|x64.ActiveCfg = Debug|x64
		{48FBE444-98D4-4B23-B1D0-34B29B013A36}.Debug|x64.Build.0 = Debug|x64
		{48FBE444-98D4-4B23-B1D0-34B29B013A36}.Debug|x86.ActiveCfg = Debug|Win32
		{48FBE444-98D4-4B23-B1D0-34B29B013A36}.Debug|x86.Build.0 = Debug|Win32
		{48FBE444-98D4-4B23-B1D0-34B29B013A36}.Release|x64.ActiveCfg = Release|x64
		{48FBE444-98D4-4B23-B1D0-34B29B013A36}.Release|x64.Build.0 = Release|x64
		{48FBE444-98D4-4B23-B1D0-34B29B013A36}.Release|x86.ActiveCfg = Release|Win32
		{48FBE444-98D4-4B23-B1D0-34B29B013A36}.Release|x86.Build.0 = Release|Win32
		{0EEB89D3-A4BA-40C7-A6C0-1E38116F3DA1}.Debug|x64.ActiveCfg = Debug|x64
		{0EEB89D3-A4BA-40C7-A6C0-1E38116F3DA1}.Debug|x64.Build.0 = Debug|x64
		{0EEB89D3-A4BA-40C7-A6C0-1E38116F3DA1}.Debug|x86.ActiveCfg = Debug|Win32
		{0EEB89D3-A4BA-40C7-A6C0-1E38116F3DA1}.Debug|x86.Build.0 = Debug|Win32
		{0EEB89D3-A4BA-40C7-A6C0-1E38116F3DA1}.Release|x64.ActiveCfg = Release|x64
		{0EEB89D3-A4BA-40C7-A6C0-1E38116F3DA1}.Release|x64.Build.0 = Release|x64
		{0EEB89D3-A4BA-40C7-A6C0-1E38116F3DA1}.Release|x86.ActiveCfg = Release|Win32
		{0EEB89D3-A4BA-40C7-A6C0-1E38116F3DA1}.Release|x86.Build.0 = Release|Win32
	EndGlobalSection
	GlobalSection(SolutionProperties) = preSolution
		HideSolutionNode = FALSE
	EndGlobalSection
EndGlobal
